
Microsoft Visual Studio Solution File, Format Version 12.00
# Visual Studio Version 16
VisualStudioVersion = 16.0.34601.136
MinimumVisualStudioVersion = 10.0.40219.1
Project("{8BC9CEB8-8B4A-11D0-8D11-00A0C91BC942}") = "ex2", "ex2.vcxproj", "{A1D4BA88-BC7F-4A28-B910-571F9F586C94}"
EndProject
Global
	GlobalSection(SolutionConfigurationPlatforms) = preSolution
		Debug|x64 = Debug|x64
		Debug|x86 = Debug|x86
		Release|x64 = Release|x64
		Release|x86 = Release|x86
	EndGlobalSection
	GlobalSection(ProjectConfigurationPlatforms) = postSolution
		{A1D4BA88-BC7F-4A28-B910-571F9F586C94}.Debug|x64.ActiveCfg = Debug|x64
		{A1D4BA88-BC7F-4A28-B910-571F9F586C94}.Debug|x64.Build.0 = Debug|x64
		{A1D4BA88-BC7F-4A28-B910-571F9F586C94}.Debug|x86.ActiveCfg = Debug|Win32
		{A1D4BA88-BC7F-4A28-B910-571F9F586C94}.Debug|x86.Build.0 = Debug|Win32
		{A1D4BA88-BC7F-4A28-B910-571F9F586C94}.Release|x64.ActiveCfg = Release|x64
		{A1D4BA88-BC7F-4A28-B910-571F9F586C94}.Release|x64.Build.0 = Release|x64
		{A1D4BA88-BC7F-4A28-B910-571F9F586C94}.Release|x86.ActiveCfg = Release|Win32
		{A1D4BA88-BC7F-4A28-B910-571F9F586C94}.Release|x86.Build.0 = Release|Win32
	EndGlobalSection
	GlobalSection(SolutionProperties) = preSolution
		HideSolutionNode = FALSE
	EndGlobalSection
	GlobalSection(ExtensibilityGlobals) = postSolution
		SolutionGuid = {E2B373BD-0583-4849-AFA6-36847C150D29}
	EndGlobalSection
EndGlobal
